
Microsoft Visual Studio Solution File, Format Version 12.00
# Visual Studio 15
VisualStudioVersion = 15.0.27004.2005
MinimumVisualStudioVersion = 10.0.40219.1
Project("{CC5FD16D-436D-48AD-A40C-5A424C6E3E79}") = "TestAzureCloudService2", "TestAzureCloudService2\TestAzureCloudService2.ccproj", "{C83F1E74-1A05-4322-B48A-AB1633194CA1}"
EndProject
Project("{FAE04EC0-301F-11D3-BF4B-00C04F79EFBC}") = "WebRole1", "WebRole1\WebRole1.csproj", "{37E3D5D3-7B39-4B4D-BDC6-37061507218D}"
EndProject
Global
	GlobalSection(SolutionConfigurationPlatforms) = preSolution
		Debug|Any CPU = Debug|Any CPU
		Release|Any CPU = Release|Any CPU
	EndGlobalSection
	GlobalSection(ProjectConfigurationPlatforms) = postSolution
		{C83F1E74-1A05-4322-B48A-AB1633194CA1}.Debug|Any CPU.ActiveCfg = Debug|Any CPU
		{C83F1E74-1A05-4322-B48A-AB1633194CA1}.Debug|Any CPU.Build.0 = Debug|Any CPU
		{C83F1E74-1A05-4322-B48A-AB1633194CA1}.Release|Any CPU.ActiveCfg = Release|Any CPU
		{C83F1E74-1A05-4322-B48A-AB1633194CA1}.Release|Any CPU.Build.0 = Release|Any CPU
		{37E3D5D3-7B39-4B4D-BDC6-37061507218D}.Debug|Any CPU.ActiveCfg = Debug|Any CPU
		{37E3D5D3-7B39-4B4D-BDC6-37061507218D}.Debug|Any CPU.Build.0 = Debug|Any CPU
		{37E3D5D3-7B39-4B4D-BDC6-37061507218D}.Release|Any CPU.ActiveCfg = Release|Any CPU
		{37E3D5D3-7B39-4B4D-BDC6-37061507218D}.Release|Any CPU.Build.0 = Release|Any CPU
	EndGlobalSection
	GlobalSection(SolutionProperties) = preSolution
		HideSolutionNode = FALSE
	EndGlobalSection
	GlobalSection(ExtensibilityGlobals) = postSolution
		SolutionGuid = {1D00A86E-88D9-4AEA-8588-D5C0863ADDC1}
	EndGlobalSection
EndGlobal
